// !$*UTF8*$!
{
	archiveVersion = 1;
	classes = {
	};
	objectVersion = 56;
	objects = {

/* Begin PBXBuildFile section */
		8481C4342A066F5E00BC45C5 /* AppDelegate.swift in Sources */ = {isa = PBXBuildFile; fileRef = 8481C4332A066F5E00BC45C5 /* AppDelegate.swift */; };
		8481C4362A066F5E00BC45C5 /* SceneDelegate.swift in Sources */ = {isa = PBXBuildFile; fileRef = 8481C4352A066F5E00BC45C5 /* SceneDelegate.swift */; };
		8481C4382A066F5E00BC45C5 /* LevelsViewController.swift in Sources */ = {isa = PBXBuildFile; fileRef = 8481C4372A066F5E00BC45C5 /* LevelsViewController.swift */; };
		8481C43B2A066F5E00BC45C5 /* Main.storyboard in Resources */ = {isa = PBXBuildFile; fileRef = 8481C4392A066F5E00BC45C5 /* Main.storyboard */; };
		8481C43D2A066F6000BC45C5 /* Assets.xcassets in Resources */ = {isa = PBXBuildFile; fileRef = 8481C43C2A066F6000BC45C5 /* Assets.xcassets */; };
		8481C4402A066F6000BC45C5 /* LaunchScreen.storyboard in Resources */ = {isa = PBXBuildFile; fileRef = 8481C43E2A066F6000BC45C5 /* LaunchScreen.storyboard */; };
		D25F1C192A06C8DD006D3C94 /* CardsViewController.swift in Sources */ = {isa = PBXBuildFile; fileRef = D25F1C182A06C8DD006D3C94 /* CardsViewController.swift */; };
		D25F1C1B2A06C950006D3C94 /* StatisticsViewController.swift in Sources */ = {isa = PBXBuildFile; fileRef = D25F1C1A2A06C950006D3C94 /* StatisticsViewController.swift */; };
		D25F1C1E2A0B792B006D3C94 /* Global.swift in Sources */ = {isa = PBXBuildFile; fileRef = D25F1C1D2A0B792B006D3C94 /* Global.swift */; };
/* End PBXBuildFile section */

/* Begin PBXFileReference section */
		8481C4302A066F5E00BC45C5 /* programmerquiz.app */ = {isa = PBXFileReference; explicitFileType = wrapper.application; includeInIndex = 0; path = programmerquiz.app; sourceTree = BUILT_PRODUCTS_DIR; };
		8481C4332A066F5E00BC45C5 /* AppDelegate.swift */ = {isa = PBXFileReference; lastKnownFileType = sourcecode.swift; path = AppDelegate.swift; sourceTree = "<group>"; };
		8481C4352A066F5E00BC45C5 /* SceneDelegate.swift */ = {isa = PBXFileReference; lastKnownFileType = sourcecode.swift; path = SceneDelegate.swift; sourceTree = "<group>"; };
		8481C4372A066F5E00BC45C5 /* LevelsViewController.swift */ = {isa = PBXFileReference; lastKnownFileType = sourcecode.swift; path = LevelsViewController.swift; sourceTree = "<group>"; };
		8481C43A2A066F5E00BC45C5 /* Base */ = {isa = PBXFileReference; lastKnownFileType = file.storyboard; name = Base; path = Base.lproj/Main.storyboard; sourceTree = "<group>"; };
		8481C43C2A066F6000BC45C5 /* Assets.xcassets */ = {isa = PBXFileReference; lastKnownFileType = folder.assetcatalog; path = Assets.xcassets; sourceTree = "<group>"; };
		8481C43F2A066F6000BC45C5 /* Base */ = {isa = PBXFileReference; lastKnownFileType = file.storyboard; name = Base; path = Base.lproj/LaunchScreen.storyboard; sourceTree = "<group>"; };
		8481C4412A066F6000BC45C5 /* Info.plist */ = {isa = PBXFileReference; lastKnownFileType = text.plist.xml; path = Info.plist; sourceTree = "<group>"; };
		D25F1C182A06C8DD006D3C94 /* CardsViewController.swift */ = {isa = PBXFileReference; lastKnownFileType = sourcecode.swift; path = CardsViewController.swift; sourceTree = "<group>"; };
		D25F1C1A2A06C950006D3C94 /* StatisticsViewController.swift */ = {isa = PBXFileReference; lastKnownFileType = sourcecode.swift; path = StatisticsViewController.swift; sourceTree = "<group>"; };
		D25F1C1D2A0B792B006D3C94 /* Global.swift */ = {isa = PBXFileReference; lastKnownFileType = sourcecode.swift; path = Global.swift; sourceTree = "<group>"; };
/* End PBXFileReference section */

/* Begin PBXFrameworksBuildPhase section */
		8481C42D2A066F5E00BC45C5 /* Frameworks */ = {
			isa = PBXFrameworksBuildPhase;
			buildActionMask = 2147483647;
			files = (
			);
			runOnlyForDeploymentPostprocessing = 0;
		};
/* End PBXFrameworksBuildPhase section */

/* Begin PBXGroup section */
		8481C4272A066F5E00BC45C5 = {
			isa = PBXGroup;
			children = (
				8481C4322A066F5E00BC45C5 /* programmerquiz */,
				8481C4312A066F5E00BC45C5 /* Products */,
			);
			sourceTree = "<group>";
		};
		8481C4312A066F5E00BC45C5 /* Products */ = {
			isa = PBXGroup;
			children = (
				8481C4302A066F5E00BC45C5 /* programmerquiz.app */,
			);
			name = Products;
			sourceTree = "<group>";
		};
		8481C4322A066F5E00BC45C5 /* programmerquiz */ = {
			isa = PBXGroup;
			children = (
				D25F1C1C2A0B7837006D3C94 /* Global */,
				8481C4332A066F5E00BC45C5 /* AppDelegate.swift */,
				8481C4352A066F5E00BC45C5 /* SceneDelegate.swift */,
				8481C4372A066F5E00BC45C5 /* LevelsViewController.swift */,
				D25F1C182A06C8DD006D3C94 /* CardsViewController.swift */,
				D25F1C1A2A06C950006D3C94 /* StatisticsViewController.swift */,
				8481C4392A066F5E00BC45C5 /* Main.storyboard */,
				8481C43C2A066F6000BC45C5 /* Assets.xcassets */,
				8481C43E2A066F6000BC45C5 /* LaunchScreen.storyboard */,
				8481C4412A066F6000BC45C5 /* Info.plist */,
			);
			path = programmerquiz;
			sourceTree = "<group>";
		};
		D25F1C1C2A0B7837006D3C94 /* Global */ = {
			isa = PBXGroup;
			children = (
				D25F1C1D2A0B792B006D3C94 /* Global.swift */,
			);
			path = Global;
			sourceTree = "<group>";
		};
/* End PBXGroup section */

/* Begin PBXNativeTarget section */
		8481C42F2A066F5E00BC45C5 /* programmerquiz */ = {
			isa = PBXNativeTarget;
			buildConfigurationList = 8481C4442A066F6000BC45C5 /* Build configuration list for PBXNativeTarget "programmerquiz" */;
			buildPhases = (
				8481C42C2A066F5E00BC45C5 /* Sources */,
				8481C42D2A066F5E00BC45C5 /* Frameworks */,
				8481C42E2A066F5E00BC45C5 /* Resources */,
			);
			buildRules = (
			);
			dependencies = (
			);
			name = programmerquiz;
			productName = programmerquiz;
			productReference = 8481C4302A066F5E00BC45C5 /* programmerquiz.app */;
			productType = "com.apple.product-type.application";
		};
/* End PBXNativeTarget section */

/* Begin PBXProject section */
		8481C4282A066F5E00BC45C5 /* Project object */ = {
			isa = PBXProject;
			attributes = {
				BuildIndependentTargetsInParallel = 1;
				LastSwiftUpdateCheck = 1420;
				LastUpgradeCheck = 1420;
				TargetAttributes = {
					8481C42F2A066F5E00BC45C5 = {
						CreatedOnToolsVersion = 14.2;
					};
				};
			};
			buildConfigurationList = 8481C42B2A066F5E00BC45C5 /* Build configuration list for PBXProject "programmerquiz" */;
			compatibilityVersion = "Xcode 14.0";
			developmentRegion = en;
			hasScannedForEncodings = 0;
			knownRegions = (
				en,
				Base,
			);
			mainGroup = 8481C4272A066F5E00BC45C5;
			productRefGroup = 8481C4312A066F5E00BC45C5 /* Products */;
			projectDirPath = "";
			projectRoot = "";
			targets = (
				8481C42F2A066F5E00BC45C5 /* programmerquiz */,
			);
		};
/* End PBXProject section */

/* Begin PBXResourcesBuildPhase section */
		8481C42E2A066F5E00BC45C5 /* Resources */ = {
			isa = PBXResourcesBuildPhase;
			buildActionMask = 2147483647;
			files = (
				8481C4402A066F6000BC45C5 /* LaunchScreen.storyboard in Resources */,
				8481C43D2A066F6000BC45C5 /* Assets.xcassets in Resources */,
				8481C43B2A066F5E00BC45C5 /* Main.storyboard in Resources */,
			);
			runOnlyForDeploymentPostprocessing = 0;
		};
/* End PBXResourcesBuildPhase section */

/* Begin PBXSourcesBuildPhase section */
		8481C42C2A066F5E00BC45C5 /* Sources */ = {
			isa = PBXSourcesBuildPhase;
			buildActionMask = 2147483647;
			files = (
				8481C4382A066F5E00BC45C5 /* LevelsViewController.swift in Sources */,
				D25F1C1B2A06C950006D3C94 /* StatisticsViewController.swift in Sources */,
				D25F1C1E2A0B792B006D3C94 /* Global.swift in Sources */,
				8481C4342A066F5E00BC45C5 /* AppDelegate.swift in Sources */,
				8481C4362A066F5E00BC45C5 /* SceneDelegate.swift in Sources */,
				D25F1C192A06C8DD006D3C94 /* CardsViewController.swift in Sources */,
			);
			runOnlyForDeploymentPostprocessing = 0;
		};
/* End PBXSourcesBuildPhase section */

/* Begin PBXVariantGroup section */
		8481C4392A066F5E00BC45C5 /* Main.storyboard */ = {
			isa = PBXVariantGroup;
			children = (
				8481C43A2A066F5E00BC45C5 /* Base */,
			);
			name = Main.storyboard;
			sourceTree = "<group>";
		};
		8481C43E2A066F6000BC45C5 /* LaunchScreen.storyboard */ = {
			isa = PBXVariantGroup;
			children = (
				8481C43F2A066F6000BC45C5 /* Base */,
			);
			name = LaunchScreen.storyboard;
			sourceTree = "<group>";
		};
/* End PBXVariantGroup section */

/* Begin XCBuildConfiguration section */
		8481C4422A066F6000BC45C5 /* Debug */ = {
			isa = XCBuildConfiguration;
			buildSettings = {
				ALWAYS_SEARCH_USER_PATHS = NO;
				CLANG_ANALYZER_NONNULL = YES;
				CLANG_ANALYZER_NUMBER_OBJECT_CONVERSION = YES_AGGRESSIVE;
				CLANG_CXX_LANGUAGE_STANDARD = "gnu++20";
				CLANG_ENABLE_MODULES = YES;
				CLANG_ENABLE_OBJC_ARC = YES;
				CLANG_ENABLE_OBJC_WEAK = YES;
				CLANG_WARN_BLOCK_CAPTURE_AUTORELEASING = YES;
				CLANG_WARN_BOOL_CONVERSION = YES;
				CLANG_WARN_COMMA = YES;
				CLANG_WARN_CONSTANT_CONVERSION = YES;
				CLANG_WARN_DEPRECATED_OBJC_IMPLEMENTATIONS = YES;
				CLANG_WARN_DIRECT_OBJC_ISA_USAGE = YES_ERROR;
				CLANG_WARN_DOCUMENTATION_COMMENTS = YES;
				CLANG_WARN_EMPTY_BODY = YES;
				CLANG_WARN_ENUM_CONVERSION = YES;
				CLANG_WARN_INFINITE_RECURSION = YES;
				CLANG_WARN_INT_CONVERSION = YES;
				CLANG_WARN_NON_LITERAL_NULL_CONVERSION = YES;
				CLANG_WARN_OBJC_IMPLICIT_RETAIN_SELF = YES;
				CLANG_WARN_OBJC_LITERAL_CONVERSION = YES;
				CLANG_WARN_OBJC_ROOT_CLASS = YES_ERROR;
				CLANG_WARN_QUOTED_INCLUDE_IN_FRAMEWORK_HEADER = YES;
				CLANG_WARN_RANGE_LOOP_ANALYSIS = YES;
				CLANG_WARN_STRICT_PROTOTYPES = YES;
				CLANG_WARN_SUSPICIOUS_MOVE = YES;
				CLANG_WARN_UNGUARDED_AVAILABILITY = YES_AGGRESSIVE;
				CLANG_WARN_UNREACHABLE_CODE = YES;
				CLANG_WARN__DUPLICATE_METHOD_MATCH = YES;
				COPY_PHASE_STRIP = NO;
				DEBUG_INFORMATION_FORMAT = dwarf;
				ENABLE_STRICT_OBJC_MSGSEND = YES;
				ENABLE_TESTABILITY = YES;
				GCC_C_LANGUAGE_STANDARD = gnu11;
				GCC_DYNAMIC_NO_PIC = NO;
				GCC_NO_COMMON_BLOCKS = YES;
				GCC_OPTIMIZATION_LEVEL = 0;
				GCC_PREPROCESSOR_DEFINITIONS = (
					"DEBUG=1",
					"$(inherited)",
				);
				GCC_WARN_64_TO_32_BIT_CONVERSION = YES;
				GCC_WARN_ABOUT_RETURN_TYPE = YES_ERROR;
				GCC_WARN_UNDECLARED_SELECTOR = YES;
				GCC_WARN_UNINITIALIZED_AUTOS = YES_AGGRESSIVE;
				GCC_WARN_UNUSED_FUNCTION = YES;
				GCC_WARN_UNUSED_VARIABLE = YES;
				IPHONEOS_DEPLOYMENT_TARGET = 16.2;
				MTL_ENABLE_DEBUG_INFO = INCLUDE_SOURCE;
				MTL_FAST_MATH = YES;
				ONLY_ACTIVE_ARCH = YES;
				SDKROOT = iphoneos;
				SWIFT_ACTIVE_COMPILATION_CONDITIONS = DEBUG;
				SWIFT_OPTIMIZATION_LEVEL = "-Onone";
			};
			name = Debug;
		};
		8481C4432A066F6000BC45C5 /* Release */ = {
			isa = XCBuildConfiguration;
			buildSettings = {
				ALWAYS_SEARCH_USER_PATHS = NO;
				CLANG_ANALYZER_NONNULL = YES;
				CLANG_ANALYZER_NUMBER_OBJECT_CONVERSION = YES_AGGRESSIVE;
				CLANG_CXX_LANGUAGE_STANDARD = "gnu++20";
				CLANG_ENABLE_MODULES = YES;
				CLANG_ENABLE_OBJC_ARC = YES;
				CLANG_ENABLE_OBJC_WEAK = YES;
				CLANG_WARN_BLOCK_CAPTURE_AUTORELEASING = YES;
				CLANG_WARN_BOOL_CONVERSION = YES;
				CLANG_WARN_COMMA = YES;
				CLANG_WARN_CONSTANT_CONVERSION = YES;
				CLANG_WARN_DEPRECATED_OBJC_IMPLEMENTATIONS = YES;
				CLANG_WARN_DIRECT_OBJC_ISA_USAGE = YES_ERROR;
				CLANG_WARN_DOCUMENTATION_COMMENTS = YES;
				CLANG_WARN_EMPTY_BODY = YES;
				CLANG_WARN_ENUM_CONVERSION = YES;
				CLANG_WARN_INFINITE_RECURSION = YES;
				CLANG_WARN_INT_CONVERSION = YES;
				CLANG_WARN_NON_LITERAL_NULL_CONVERSION = YES;
				CLANG_WARN_OBJC_IMPLICIT_RETAIN_SELF = YES;
				CLANG_WARN_OBJC_LITERAL_CONVERSION = YES;
				CLANG_WARN_OBJC_ROOT_CLASS = YES_ERROR;
				CLANG_WARN_QUOTED_INCLUDE_IN_FRAMEWORK_HEADER = YES;
				CLANG_WARN_RANGE_LOOP_ANALYSIS = YES;
				CLANG_WARN_STRICT_PROTOTYPES = YES;
				CLANG_WARN_SUSPICIOUS_MOVE = YES;
				CLANG_WARN_UNGUARDED_AVAILABILITY = YES_AGGRESSIVE;
				CLANG_WARN_UNREACHABLE_CODE = YES;
				CLANG_WARN__DUPLICATE_METHOD_MATCH = YES;
				COPY_PHASE_STRIP = NO;
				DEBUG_INFORMATION_FORMAT = "dwarf-with-dsym";
				ENABLE_NS_ASSERTIONS = NO;
				ENABLE_STRICT_OBJC_MSGSEND = YES;
				GCC_C_LANGUAGE_STANDARD = gnu11;
				GCC_NO_COMMON_BLOCKS = YES;
				GCC_WARN_64_TO_32_BIT_CONVERSION = YES;
				GCC_WARN_ABOUT_RETURN_TYPE = YES_ERROR;
				GCC_WARN_UNDECLARED_SELECTOR = YES;
				GCC_WARN_UNINITIALIZED_AUTOS = YES_AGGRESSIVE;
				GCC_WARN_UNUSED_FUNCTION = YES;
				GCC_WARN_UNUSED_VARIABLE = YES;
				IPHONEOS_DEPLOYMENT_TARGET = 16.2;
				MTL_ENABLE_DEBUG_INFO = NO;
				MTL_FAST_MATH = YES;
				SDKROOT = iphoneos;
				SWIFT_COMPILATION_MODE = wholemodule;
				SWIFT_OPTIMIZATION_LEVEL = "-O";
				VALIDATE_PRODUCT = YES;
			};
			name = Release;
		};
		8481C4452A066F6000BC45C5 /* Debug */ = {
			isa = XCBuildConfiguration;
			buildSettings = {
				ASSETCATALOG_COMPILER_APPICON_NAME = AppIcon;
				ASSETCATALOG_COMPILER_GLOBAL_ACCENT_COLOR_NAME = AccentColor;
				CODE_SIGN_STYLE = Automatic;
				CURRENT_PROJECT_VERSION = 1;
				GENERATE_INFOPLIST_FILE = YES;
				INFOPLIST_FILE = programmerquiz/Info.plist;
				INFOPLIST_KEY_UIApplicationSupportsIndirectInputEvents = YES;
				INFOPLIST_KEY_UILaunchStoryboardName = LaunchScreen;
				INFOPLIST_KEY_UIMainStoryboardFile = Main;
				INFOPLIST_KEY_UISupportedInterfaceOrientations_iPad = "UIInterfaceOrientationPortrait UIInterfaceOrientationPortraitUpsideDown UIInterfaceOrientationLandscapeLeft UIInterfaceOrientationLandscapeRight";
				INFOPLIST_KEY_UISupportedInterfaceOrientations_iPhone = "UIInterfaceOrientationPortrait UIInterfaceOrientationLandscapeLeft UIInterfaceOrientationLandscapeRight";
				LD_RUNPATH_SEARCH_PATHS = (
					"$(inherited)",
					"@executable_path/Frameworks",
				);
				MARKETING_VERSION = 1.0;
				PRODUCT_BUNDLE_IDENTIFIER = app.programmerquiz;
				PRODUCT_NAME = "$(TARGET_NAME)";
				SWIFT_EMIT_LOC_STRINGS = YES;
				SWIFT_VERSION = 5.0;
				TARGETED_DEVICE_FAMILY = "1,2";
			};
			name = Debug;
		};
		8481C4462A066F6000BC45C5 /* Release */ = {
			isa = XCBuildConfiguration;
			buildSettings = {
				ASSETCATALOG_COMPILER_APPICON_NAME = AppIcon;
				ASSETCATALOG_COMPILER_GLOBAL_ACCENT_COLOR_NAME = AccentColor;
				CODE_SIGN_STYLE = Automatic;
				CURRENT_PROJECT_VERSION = 1;
				GENERATE_INFOPLIST_FILE = YES;
				INFOPLIST_FILE = programmerquiz/Info.plist;
				INFOPLIST_KEY_UIApplicationSupportsIndirectInputEvents = YES;
				INFOPLIST_KEY_UILaunchStoryboardName = LaunchScreen;
				INFOPLIST_KEY_UIMainStoryboardFile = Main;
				INFOPLIST_KEY_UISupportedInterfaceOrientations_iPad = "UIInterfaceOrientationPortrait UIInterfaceOrientationPortraitUpsideDown UIInterfaceOrientationLandscapeLeft UIInterfaceOrientationLandscapeRight";
				INFOPLIST_KEY_UISupportedInterfaceOrientations_iPhone = "UIInterfaceOrientationPortrait UIInterfaceOrientationLandscapeLeft UIInterfaceOrientationLandscapeRight";
				LD_RUNPATH_SEARCH_PATHS = (
					"$(inherited)",
					"@executable_path/Frameworks",
				);
				MARKETING_VERSION = 1.0;
				PRODUCT_BUNDLE_IDENTIFIER = app.programmerquiz;
				PRODUCT_NAME = "$(TARGET_NAME)";
				SWIFT_EMIT_LOC_STRINGS = YES;
				SWIFT_VERSION = 5.0;
				TARGETED_DEVICE_FAMILY = "1,2";
			};
			name = Release;
		};
/* End XCBuildConfiguration section */

/* Begin XCConfigurationList section */
		8481C42B2A066F5E00BC45C5 /* Build configuration list for PBXProject "programmerquiz" */ = {
			isa = XCConfigurationList;
			buildConfigurations = (
				8481C4422A066F6000BC45C5 /* Debug */,
				8481C4432A066F6000BC45C5 /* Release */,
			);
			defaultConfigurationIsVisible = 0;
			defaultConfigurationName = Release;
		};
		8481C4442A066F6000BC45C5 /* Build configuration list for PBXNativeTarget "programmerquiz" */ = {
			isa = XCConfigurationList;
			buildConfigurations = (
				8481C4452A066F6000BC45C5 /* Debug */,
				8481C4462A066F6000BC45C5 /* Release */,
			);
			defaultConfigurationIsVisible = 0;
			defaultConfigurationName = Release;
		};
/* End XCConfigurationList section */
	};
	rootObject = 8481C4282A066F5E00BC45C5 /* Project object */;
}
